{
  "originHash" : "f8a0db239c6de4472428fbeb321c7ff5b436762d439ad53f723aadd3e23e5cb2",
  "pins" : [
    {
      "identity" : "stripe-ios",
      "kind" : "remoteSourceControl",
      "location" : "https://github.com/stripe/stripe-ios",
      "state" : {
        "revision" : "4f646cdf7c51ee30d6d9e8276a5c60021711d790",
        "version" : "22.8.0"
      }
    }
  ],
  "version" : 3
}
